
Microsoft Visual Studio Solution File, Format Version 12.00
# Visual Studio Version 16
VisualStudioVersion = 16.0.30114.105
MinimumVisualStudioVersion = 10.0.40219.1
Project("{FAE04EC0-301F-11D3-BF4B-00C04F79EFBC}") = "wallpepper", "wallpepper\wallpepper.csproj", "{6CA4B0DA-2F72-47B1-B035-CACBFED101F2}"
EndProject
Project("{9A19103F-16F7-4668-BE54-9A1E7A4F7556}") = "wallpepper.Core", "wallpepper.Core\wallpepper.Core.csproj", "{E2351237-AE24-4F8A-BA9D-F9DD82973466}"
EndProject
Global
	GlobalSection(SolutionConfigurationPlatforms) = preSolution
		Debug|Any CPU = Debug|Any CPU
		Debug|ARM = Debug|ARM
		Debug|ARM64 = Debug|ARM64
		Debug|x64 = Debug|x64
		Debug|x86 = Debug|x86
		Release|Any CPU = Release|Any CPU
		Release|ARM = Release|ARM
		Release|ARM64 = Release|ARM64
		Release|x64 = Release|x64
		Release|x86 = Release|x86
	EndGlobalSection
	GlobalSection(ProjectConfigurationPlatforms) = postSolution
		{6CA4B0DA-2F72-47B1-B035-CACBFED101F2}.Debug|Any CPU.ActiveCfg = Debug|x86
		{6CA4B0DA-2F72-47B1-B035-CACBFED101F2}.Debug|ARM.ActiveCfg = Debug|ARM
		{6CA4B0DA-2F72-47B1-B035-CACBFED101F2}.Debug|ARM.Build.0 = Debug|ARM
		{6CA4B0DA-2F72-47B1-B035-CACBFED101F2}.Debug|ARM.Deploy.0 = Debug|ARM
		{6CA4B0DA-2F72-47B1-B035-CACBFED101F2}.Debug|ARM64.ActiveCfg = Debug|ARM64
		{6CA4B0DA-2F72-47B1-B035-CACBFED101F2}.Debug|ARM64.Build.0 = Debug|ARM64
		{6CA4B0DA-2F72-47B1-B035-CACBFED101F2}.Debug|ARM64.Deploy.0 = Debug|ARM64
		{6CA4B0DA-2F72-47B1-B035-CACBFED101F2}.Debug|x64.ActiveCfg = Debug|x64
		{6CA4B0DA-2F72-47B1-B035-CACBFED101F2}.Debug|x64.Build.0 = Debug|x64
		{6CA4B0DA-2F72-47B1-B035-CACBFED101F2}.Debug|x64.Deploy.0 = Debug|x64
		{6CA4B0DA-2F72-47B1-B035-CACBFED101F2}.Debug|x86.ActiveCfg = Debug|x86
		{6CA4B0DA-2F72-47B1-B035-CACBFED101F2}.Debug|x86.Build.0 = Debug|x86
		{6CA4B0DA-2F72-47B1-B035-CACBFED101F2}.Debug|x86.Deploy.0 = Debug|x86
		{6CA4B0DA-2F72-47B1-B035-CACBFED101F2}.Release|Any CPU.ActiveCfg = Release|x86
		{6CA4B0DA-2F72-47B1-B035-CACBFED101F2}.Release|ARM.ActiveCfg = Release|ARM
		{6CA4B0DA-2F72-47B1-B035-CACBFED101F2}.Release|ARM.Build.0 = Release|ARM
		{6CA4B0DA-2F72-47B1-B035-CACBFED101F2}.Release|ARM.Deploy.0 = Release|ARM
		{6CA4B0DA-2F72-47B1-B035-CACBFED101F2}.Release|ARM64.ActiveCfg = Release|ARM64
		{6CA4B0DA-2F72-47B1-B035-CACBFED101F2}.Release|ARM64.Build.0 = Release|ARM64
		{6CA4B0DA-2F72-47B1-B035-CACBFED101F2}.Release|ARM64.Deploy.0 = Release|ARM64
		{6CA4B0DA-2F72-47B1-B035-CACBFED101F2}.Release|x64.ActiveCfg = Release|x64
		{6CA4B0DA-2F72-47B1-B035-CACBFED101F2}.Release|x64.Build.0 = Release|x64
		{6CA4B0DA-2F72-47B1-B035-CACBFED101F2}.Release|x64.Deploy.0 = Release|x64
		{6CA4B0DA-2F72-47B1-B035-CACBFED101F2}.Release|x86.ActiveCfg = Release|x86
		{6CA4B0DA-2F72-47B1-B035-CACBFED101F2}.Release|x86.Build.0 = Release|x86
		{6CA4B0DA-2F72-47B1-B035-CACBFED101F2}.Release|x86.Deploy.0 = Release|x86
		{E2351237-AE24-4F8A-BA9D-F9DD82973466}.Debug|Any CPU.ActiveCfg = Debug|Any CPU
		{E2351237-AE24-4F8A-BA9D-F9DD82973466}.Debug|Any CPU.Build.0 = Debug|Any CPU
		{E2351237-AE24-4F8A-BA9D-F9DD82973466}.Debug|ARM.ActiveCfg = Debug|Any CPU
		{E2351237-AE24-4F8A-BA9D-F9DD82973466}.Debug|ARM.Build.0 = Debug|Any CPU
		{E2351237-AE24-4F8A-BA9D-F9DD82973466}.Debug|ARM64.ActiveCfg = Debug|Any CPU
		{E2351237-AE24-4F8A-BA9D-F9DD82973466}.Debug|ARM64.Build.0 = Debug|Any CPU
		{E2351237-AE24-4F8A-BA9D-F9DD82973466}.Debug|x64.ActiveCfg = Debug|Any CPU
		{E2351237-AE24-4F8A-BA9D-F9DD82973466}.Debug|x64.Build.0 = Debug|Any CPU
		{E2351237-AE24-4F8A-BA9D-F9DD82973466}.Debug|x86.ActiveCfg = Debug|Any CPU
		{E2351237-AE24-4F8A-BA9D-F9DD82973466}.Debug|x86.Build.0 = Debug|Any CPU
		{E2351237-AE24-4F8A-BA9D-F9DD82973466}.Release|Any CPU.ActiveCfg = Release|Any CPU
		{E2351237-AE24-4F8A-BA9D-F9DD82973466}.Release|Any CPU.Build.0 = Release|Any CPU
		{E2351237-AE24-4F8A-BA9D-F9DD82973466}.Release|ARM.ActiveCfg = Release|Any CPU
		{E2351237-AE24-4F8A-BA9D-F9DD82973466}.Release|ARM.Build.0 = Release|Any CPU
		{E2351237-AE24-4F8A-BA9D-F9DD82973466}.Release|ARM64.ActiveCfg = Release|Any CPU
		{E2351237-AE24-4F8A-BA9D-F9DD82973466}.Release|ARM64.Build.0 = Release|Any CPU
		{E2351237-AE24-4F8A-BA9D-F9DD82973466}.Release|x64.ActiveCfg = Release|Any CPU
		{E2351237-AE24-4F8A-BA9D-F9DD82973466}.Release|x64.Build.0 = Release|Any CPU
		{E2351237-AE24-4F8A-BA9D-F9DD82973466}.Release|x86.ActiveCfg = Release|Any CPU
		{E2351237-AE24-4F8A-BA9D-F9DD82973466}.Release|x86.Build.0 = Release|Any CPU
	EndGlobalSection
	GlobalSection(SolutionProperties) = preSolution
		HideSolutionNode = FALSE
	EndGlobalSection
	GlobalSection(ExtensibilityGlobals) = postSolution
		SolutionGuid = {FCECE428-3714-40BF-A773-F45ED1FF023E}
	EndGlobalSection
EndGlobal
